
Microsoft Visual Studio Solution File, Format Version 12.00
# Visual Studio Version 16
VisualStudioVersion = 16.0.29418.71
MinimumVisualStudioVersion = 10.0.40219.1
Project("{FAE04EC0-301F-11D3-BF4B-00C04F79EFBC}") = "Les1_Task1", "Les1_Task1\Les1_Task1.csproj", "{BAA4874F-FD66-45E3-8D38-D093B84E0888}"
EndProject
Project("{2150E333-8FDC-42A3-9474-1A3956D46DE8}") = "Lesson1", "Lesson1", "{4E325156-74ED-48D6-BF64-980A8242F7B5}"
EndProject
Project("{FAE04EC0-301F-11D3-BF4B-00C04F79EFBC}") = "Les1_Task2", "Les1_Task2\Les1_Task2.csproj", "{A7857D71-4B0A-4635-8689-5AC257A0D8ED}"
EndProject
Project("{FAE04EC0-301F-11D3-BF4B-00C04F79EFBC}") = "Les1_Task3", "Les1_Task3\Les1_Task3.csproj", "{B97E89A2-A41B-4B57-904F-3AF2E1C03ADB}"
EndProject
Project("{2150E333-8FDC-42A3-9474-1A3956D46DE8}") = "Lesson2", "Lesson2", "{F36A3FB6-22BA-49CA-833E-F5B3C372D41A}"
EndProject
Project("{FAE04EC0-301F-11D3-BF4B-00C04F79EFBC}") = "Les2_Task1", "Les2_Task1\Les2_Task1.csproj", "{6C9873D7-0E26-4E0B-BDBC-3F9731BED0A7}"
EndProject
Project("{FAE04EC0-301F-11D3-BF4B-00C04F79EFBC}") = "Les2_Task2", "Les2_Task2\Les2_Task2.csproj", "{47C2C496-47C9-48A4-BCE0-60FAED1364F9}"
EndProject
Project("{FAE04EC0-301F-11D3-BF4B-00C04F79EFBC}") = "Les2_Task3", "Les2_Task3\Les2_Task3.csproj", "{B60C4646-616E-475D-A723-698D53F44CBC}"
EndProject
Project("{FAE04EC0-301F-11D3-BF4B-00C04F79EFBC}") = "Les2_Task4", "Les2_Task4\Les2_Task4.csproj", "{4894B9D1-D942-41ED-A591-A68ABEEE2EBB}"
EndProject
Global
	GlobalSection(SolutionConfigurationPlatforms) = preSolution
		Debug|Any CPU = Debug|Any CPU
		Release|Any CPU = Release|Any CPU
	EndGlobalSection
	GlobalSection(ProjectConfigurationPlatforms) = postSolution
		{BAA4874F-FD66-45E3-8D38-D093B84E0888}.Debug|Any CPU.ActiveCfg = Debug|Any CPU
		{BAA4874F-FD66-45E3-8D38-D093B84E0888}.Debug|Any CPU.Build.0 = Debug|Any CPU
		{BAA4874F-FD66-45E3-8D38-D093B84E0888}.Release|Any CPU.ActiveCfg = Release|Any CPU
		{BAA4874F-FD66-45E3-8D38-D093B84E0888}.Release|Any CPU.Build.0 = Release|Any CPU
		{A7857D71-4B0A-4635-8689-5AC257A0D8ED}.Debug|Any CPU.ActiveCfg = Debug|Any CPU
		{A7857D71-4B0A-4635-8689-5AC257A0D8ED}.Debug|Any CPU.Build.0 = Debug|Any CPU
		{A7857D71-4B0A-4635-8689-5AC257A0D8ED}.Release|Any CPU.ActiveCfg = Release|Any CPU
		{A7857D71-4B0A-4635-8689-5AC257A0D8ED}.Release|Any CPU.Build.0 = Release|Any CPU
		{B97E89A2-A41B-4B57-904F-3AF2E1C03ADB}.Debug|Any CPU.ActiveCfg = Debug|Any CPU
		{B97E89A2-A41B-4B57-904F-3AF2E1C03ADB}.Debug|Any CPU.Build.0 = Debug|Any CPU
		{B97E89A2-A41B-4B57-904F-3AF2E1C03ADB}.Release|Any CPU.ActiveCfg = Release|Any CPU
		{B97E89A2-A41B-4B57-904F-3AF2E1C03ADB}.Release|Any CPU.Build.0 = Release|Any CPU
		{6C9873D7-0E26-4E0B-BDBC-3F9731BED0A7}.Debug|Any CPU.ActiveCfg = Debug|Any CPU
		{6C9873D7-0E26-4E0B-BDBC-3F9731BED0A7}.Debug|Any CPU.Build.0 = Debug|Any CPU
		{6C9873D7-0E26-4E0B-BDBC-3F9731BED0A7}.Release|Any CPU.ActiveCfg = Release|Any CPU
		{6C9873D7-0E26-4E0B-BDBC-3F9731BED0A7}.Release|Any CPU.Build.0 = Release|Any CPU
		{47C2C496-47C9-48A4-BCE0-60FAED1364F9}.Debug|Any CPU.ActiveCfg = Debug|Any CPU
		{47C2C496-47C9-48A4-BCE0-60FAED1364F9}.Debug|Any CPU.Build.0 = Debug|Any CPU
		{47C2C496-47C9-48A4-BCE0-60FAED1364F9}.Release|Any CPU.ActiveCfg = Release|Any CPU
		{47C2C496-47C9-48A4-BCE0-60FAED1364F9}.Release|Any CPU.Build.0 = Release|Any CPU
		{B60C4646-616E-475D-A723-698D53F44CBC}.Debug|Any CPU.ActiveCfg = Debug|Any CPU
		{B60C4646-616E-475D-A723-698D53F44CBC}.Debug|Any CPU.Build.0 = Debug|Any CPU
		{B60C4646-616E-475D-A723-698D53F44CBC}.Release|Any CPU.ActiveCfg = Release|Any CPU
		{B60C4646-616E-475D-A723-698D53F44CBC}.Release|Any CPU.Build.0 = Release|Any CPU
		{4894B9D1-D942-41ED-A591-A68ABEEE2EBB}.Debug|Any CPU.ActiveCfg = Debug|Any CPU
		{4894B9D1-D942-41ED-A591-A68ABEEE2EBB}.Debug|Any CPU.Build.0 = Debug|Any CPU
		{4894B9D1-D942-41ED-A591-A68ABEEE2EBB}.Release|Any CPU.ActiveCfg = Release|Any CPU
		{4894B9D1-D942-41ED-A591-A68ABEEE2EBB}.Release|Any CPU.Build.0 = Release|Any CPU
	EndGlobalSection
	GlobalSection(SolutionProperties) = preSolution
		HideSolutionNode = FALSE
	EndGlobalSection
	GlobalSection(NestedProjects) = preSolution
		{BAA4874F-FD66-45E3-8D38-D093B84E0888} = {4E325156-74ED-48D6-BF64-980A8242F7B5}
		{A7857D71-4B0A-4635-8689-5AC257A0D8ED} = {4E325156-74ED-48D6-BF64-980A8242F7B5}
		{B97E89A2-A41B-4B57-904F-3AF2E1C03ADB} = {4E325156-74ED-48D6-BF64-980A8242F7B5}
		{6C9873D7-0E26-4E0B-BDBC-3F9731BED0A7} = {F36A3FB6-22BA-49CA-833E-F5B3C372D41A}
		{47C2C496-47C9-48A4-BCE0-60FAED1364F9} = {F36A3FB6-22BA-49CA-833E-F5B3C372D41A}
		{B60C4646-616E-475D-A723-698D53F44CBC} = {F36A3FB6-22BA-49CA-833E-F5B3C372D41A}
		{4894B9D1-D942-41ED-A591-A68ABEEE2EBB} = {F36A3FB6-22BA-49CA-833E-F5B3C372D41A}
	EndGlobalSection
	GlobalSection(ExtensibilityGlobals) = postSolution
		SolutionGuid = {8D8D9D2B-CF71-4BE4-B828-753CBEE4E32D}
	EndGlobalSection
EndGlobal
