
Microsoft Visual Studio Solution File, Format Version 12.00
# Visual Studio Version 16
VisualStudioVersion = 16.0.29418.71
MinimumVisualStudioVersion = 10.0.40219.1
Project("{FAE04EC0-301F-11D3-BF4B-00C04F79EFBC}") = "Les1_Task1", "Les1_Task1\Les1_Task1.csproj", "{BAA4874F-FD66-45E3-8D38-D093B84E0888}"
EndProject
Project("{2150E333-8FDC-42A3-9474-1A3956D46DE8}") = "Lesson1", "Lesson1", "{4E325156-74ED-48D6-BF64-980A8242F7B5}"
EndProject
Global
	GlobalSection(SolutionConfigurationPlatforms) = preSolution
		Debug|Any CPU = Debug|Any CPU
		Release|Any CPU = Release|Any CPU
	EndGlobalSection
	GlobalSection(ProjectConfigurationPlatforms) = postSolution
		{BAA4874F-FD66-45E3-8D38-D093B84E0888}.Debug|Any CPU.ActiveCfg = Debug|Any CPU
		{BAA4874F-FD66-45E3-8D38-D093B84E0888}.Debug|Any CPU.Build.0 = Debug|Any CPU
		{BAA4874F-FD66-45E3-8D38-D093B84E0888}.Release|Any CPU.ActiveCfg = Release|Any CPU
		{BAA4874F-FD66-45E3-8D38-D093B84E0888}.Release|Any CPU.Build.0 = Release|Any CPU
	EndGlobalSection
	GlobalSection(SolutionProperties) = preSolution
		HideSolutionNode = FALSE
	EndGlobalSection
	GlobalSection(NestedProjects) = preSolution
		{BAA4874F-FD66-45E3-8D38-D093B84E0888} = {4E325156-74ED-48D6-BF64-980A8242F7B5}
	EndGlobalSection
	GlobalSection(ExtensibilityGlobals) = postSolution
		SolutionGuid = {8D8D9D2B-CF71-4BE4-B828-753CBEE4E32D}
	EndGlobalSection
EndGlobal
